# THIS IS AN AUTOGENERATED FILE. DO NOT EDIT THIS FILE DIRECTLY.
# yarn lockfile v1


"@types/async@^2.0.31":
  version "2.0.37"
  resolved "@types-async-2.0.37.tgz#7bf2ffba03ae965df99f21d4d41be340d6a322ab"

"@types/bluebird@*":
  version "3.0.36"
  resolved "@types-bluebird-3.0.36.tgz#b804ddd1b1a082cf3e2137dfa7b5287f437c29b7"

"@types/body-parser@^0.0.33":
  version "0.0.33"
  resolved "@types-body-parser-0.0.33.tgz#33ca1498fc37e51c5df0c81cae34569e7041e025"
  dependencies:
    "@types/express" "*"

"@types/chai@^3.4.32":
  version "3.4.34"
  resolved "@types-chai-3.4.34.tgz#d5335792823bb09cddd5e38c3d211b709183854d"

"@types/cookie-parser@^1.3.30":
  version "1.3.30"
  resolved "@types-cookie-parser-1.3.30.tgz#70e4824086e2f214dbc674fd922d1c2744475392"
  dependencies:
    "@types/express" "*"

"@types/cors@^0.0.33":
  version "0.0.33"
  resolved "@types-cors-0.0.33.tgz#05dc50760b93201b81c54a94fb757f21144f5e61"
  dependencies:
    "@types/express" "*"

"@types/express-serve-static-core@*":
  version "4.0.40"
  resolved "@types-express-serve-static-core-4.0.40.tgz#168e82978bffc81ee7737bc60728d64733a4f37b"
  dependencies:
    "@types/node" "*"

"@types/express-session@^0.0.32":
  version "0.0.32"
  resolved "@types-express-session-0.0.32.tgz#82f9e6a028eb6125a412db95f0e61a97d1945ee0"
  dependencies:
    "@types/express" "*"
    "@types/node" "*"

"@types/express@*", "@types/express@^4.0.33", "@types/express@^4.0.34":
  version "4.0.34"
  resolved "@types-express-4.0.34.tgz#cdc0afd69d70d2295b81b3aa47f26f672afcde1c"
  dependencies:
    "@types/express-serve-static-core" "*"
    "@types/serve-static" "*"

"@types/form-data@*":
  version "0.0.33"
  resolved "@types-form-data-0.0.33.tgz#c9ac85b2a5fd18435b8c85d9ecb50e6d6c893ff8"
  dependencies:
    "@types/node" "*"

"@types/isomorphic-fetch@0.0.30":
  version "0.0.30"
  resolved "@types-isomorphic-fetch-0.0.30.tgz#a21717624cde9a48c2db53a4e500fc5c32a99bbc"

"@types/lodash@^4.14.34", "@types/lodash@^4.14.44":
  version "4.14.44"
  resolved "@types-lodash-4.14.44.tgz#04585ff0b80d5e434a5f86f15e7964be4f775cba"

"@types/mime@*":
  version "0.0.29"
  resolved "@types-mime-0.0.29.tgz#fbcfd330573b912ef59eeee14602bface630754b"

"@types/node-uuid@^0.0.28":
  version "0.0.28"
  resolved "@types-node-uuid-0.0.28.tgz#41655b5ce63b2f3374c4e826b4dd21e729058e3d"
  dependencies:
    "@types/node" "*"

"@types/node@*", "@types/node@^6.0.38":
  version "6.0.54"
  resolved "@types-node-6.0.54.tgz#65859962ba988052cbdd5c48881395acfdd46931"

"@types/passport-local@^1.0.29":
  version "1.0.29"
  resolved "@types-passport-local-1.0.29.tgz#d27b8b64f74430296968cbfaedccb76adfa23b21"
  dependencies:
    "@types/express" "*"
    "@types/passport" "*"

"@types/passport@*", "@types/passport@^0.3.0":
  version "0.3.0"
  resolved "@types-passport-0.3.0.tgz#5d93de483f9784c67c0f5c21bea5ce5b332a0b62"
  dependencies:
    "@types/express" "*"

"@types/promises-a-plus@0.0.26":
  version "0.0.26"
  resolved "@types-promises-a-plus-0.0.26.tgz#64d992f8e715dc6bb975766391eae54985fa4fe2"

"@types/redux@^3.5.29":
  version "3.6.31"
  resolved "@types-redux-3.6.31.tgz#40eafa7575db36b912ce0059b85de98c205b0708"

"@types/request-promise@^4.1.33":
  version "4.1.33"
  resolved "@types-request-promise-4.1.33.tgz#b0cde534f80ebae026eb5fa470e45a192682ca1e"
  dependencies:
    "@types/bluebird" "*"
    "@types/request" "*"

"@types/request@*":
  version "0.0.37"
  resolved "@types-request-0.0.37.tgz#32e95d9e8210dadde840cf2df8dc44304ddc972c"
  dependencies:
    "@types/form-data" "*"
    "@types/node" "*"

"@types/serve-static@*":
  version "1.7.31"
  resolved "@types-serve-static-1.7.31.tgz#15456de8d98d6b4cff31be6c6af7492ae63f521a"
  dependencies:
    "@types/express-serve-static-core" "*"
    "@types/mime" "*"

"@types/sinon@^1.16.29":
  version "1.16.33"
  resolved "@types-sinon-1.16.33.tgz#28e022572f6fb8edd60b3ae0e0955181dc3250e5"

"@types/winston@^0.0.32":
  version "0.0.32"
  resolved "@types-winston-0.0.32.tgz#dc876e76bab23fd7fae4a300549b7b0f3f5b94bd"
  dependencies:
    "@types/node" "*"

accepts@~1.3.3:
  version "1.3.3"
  resolved "https://registry.yarnpkg.com/accepts/-/accepts-1.3.3.tgz#c3ca7434938648c3e0d9c1e328dd68b622c284ca"
  dependencies:
    mime-types "~2.1.11"
    negotiator "0.6.1"

apollo-client@^0.5.25:
  version "0.5.25"
  resolved apollo-client-0.5.25.tgz#6cdf3a9d87431d5c5466766d85a3ef7c4d8b3fa0
  dependencies:
    graphql-anywhere "^1.0.0"
    graphql-tag "^1.1.1"
    lodash "^4.17.2"
    redux "^3.3.1"
    symbol-observable "^1.0.2"
    whatwg-fetch "^2.0.0"
  optionalDependencies:
    "@types/async" "^2.0.31"
    "@types/chai" "^3.4.32"
    "@types/isomorphic-fetch" "0.0.30"
    "@types/lodash" "^4.14.34"
    "@types/node" "^6.0.38"
    "@types/promises-a-plus" "0.0.26"
    "@types/redux" "^3.5.29"
    "@types/sinon" "^1.16.29"
    typed-graphql "1.0.2"

array-flatten@1.1.1:
  version "1.1.1"
  resolved array-flatten-1.1.1.tgz#9a5f699051b1e7073328f2a008968b64ea2955d2

async@~1.0.0:
  version "1.0.0"
  resolved async-1.0.0.tgz#f8fc04ca3a13784ade9e1641af98578cfbd647a9

base64-url@1.3.3:
  version "1.3.3"
  resolved base64-url-1.3.3.tgz#f8b6c537f09a4fc58c99cb86e0b0e9c61461a20f

bluebird@^3.4.1:
  version "3.4.7"
  resolved "https://registry.yarnpkg.com/bluebird/-/bluebird-3.4.7.tgz#f72d760be09b7f76d08ed8fae98b289a8d05fab3"

body-parser@^1.15.2:
  version "1.15.2"
  resolved "https://registry.yarnpkg.com/body-parser/-/body-parser-1.15.2.tgz#d7578cf4f1d11d5f6ea804cef35dc7a7ff6dae67"
  dependencies:
    bytes "2.4.0"
    content-type "~1.0.2"
    debug "~2.2.0"
    depd "~1.1.0"
    http-errors "~1.5.0"
    iconv-lite "0.4.13"
    on-finished "~2.3.0"
    qs "6.2.0"
    raw-body "~2.1.7"
    type-is "~1.6.13"

bytes@2.4.0:
  version "2.4.0"
  resolved "https://registry.yarnpkg.com/bytes/-/bytes-2.4.0.tgz#7d97196f9d5baf7f6935e25985549edd2a6c2339"

casual@^1.5.8:
  version "1.5.8"
  resolved casual-1.5.8.tgz#82009d3cd39b79e7ec8db7a6245699fcfbcb3691
  dependencies:
    mersenne-twister "^1.0.1"
    moment "^2.15.2"

colors@1.0.x:
  version "1.0.3"
  resolved "https://registry.yarnpkg.com/colors/-/colors-1.0.3.tgz#0433f44d809680fdeb60ed260f1b0c262e82a40b"

content-disposition@0.5.1:
  version "0.5.1"
  resolved content-disposition-0.5.1.tgz#87476c6a67c8daa87e32e87616df883ba7fb071b

content-type@~1.0.2:
  version "1.0.2"
  resolved "https://registry.yarnpkg.com/content-type/-/content-type-1.0.2.tgz#b7d113aee7a8dd27bd21133c4dc2529df1721eed"

cookie-parser@^1.4.3:
  version "1.4.3"
  resolved cookie-parser-1.4.3.tgz#0fe31fa19d000b95f4aadf1f53fdc2b8a203baa5
  dependencies:
    cookie "0.3.1"
    cookie-signature "1.0.6"

cookie-signature@1.0.6:
  version "1.0.6"
  resolved cookie-signature-1.0.6.tgz#e303a882b342cc3ee8ca513a79999734dab3ae2c

cookie@0.3.1:
  version "0.3.1"
  resolved "https://registry.yarnpkg.com/cookie/-/cookie-0.3.1.tgz#e7e0a1f9ef43b4c8ba925c5c5a96e806d16873bb"

crc@3.4.1:
  version "3.4.1"
  resolved crc-3.4.1.tgz#65d5830b1a2569557cfb324c0e679998521473ee

cycle@1.0.x:
  version "1.0.3"
  resolved cycle-1.0.3.tgz#21e80b2be8580f98b468f379430662b046c34ad2

debug@~2.2.0:
  version "2.2.0"
  resolved "https://registry.yarnpkg.com/debug/-/debug-2.2.0.tgz#f87057e995b1a1f6ae6a4960664137bc56f039da"
  dependencies:
    ms "0.7.1"

depd@~1.1.0:
  version "1.1.0"
  resolved "https://registry.yarnpkg.com/depd/-/depd-1.1.0.tgz#e1bd82c6aab6ced965b97b88b17ed3e528ca18c3"

deprecated-decorator@^0.1.6:
  version "0.1.6"
  resolved deprecated-decorator-0.1.6.tgz#00966317b7a12fe92f3cc831f7583af329b86c37

destroy@~1.0.4:
  version "1.0.4"
  resolved "https://registry.yarnpkg.com/destroy/-/destroy-1.0.4.tgz#978857442c44749e4206613e37946205826abd80"

diff@~1.0.8:
  version "1.0.8"
  resolved diff-1.0.8.tgz#343276308ec991b7bc82267ed55bc1411f971666

ee-first@1.1.1:
  version "1.1.1"
  resolved "https://registry.yarnpkg.com/ee-first/-/ee-first-1.1.1.tgz#590c61156b0ae2f4f0255732a158b266bc56b21d"

encodeurl@~1.0.1:
  version "1.0.1"
  resolved "https://registry.yarnpkg.com/encodeurl/-/encodeurl-1.0.1.tgz#79e3d58655346909fe6f0f45a5de68103b294d20"

encoding@^0.1.11:
  version "0.1.12"
  resolved encoding-0.1.12.tgz#538b66f3ee62cd1ab51ec323829d1f9480c74beb
  dependencies:
    iconv-lite "~0.4.13"

es6-promise@^3.2.1:
  version "3.3.1"
  resolved es6-promise-3.3.1.tgz#a08cdde84ccdbf34d027a1451bc91d4bcd28a613

escape-html@~1.0.3:
  version "1.0.3"
  resolved "https://registry.yarnpkg.com/escape-html/-/escape-html-1.0.3.tgz#0258eae4d3d0c0974de1c169188ef0051d1d1988"

etag@~1.7.0:
  version "1.7.0"
  resolved "https://registry.yarnpkg.com/etag/-/etag-1.7.0.tgz#03d30b5f67dd6e632d2945d30d6652731a34d5d8"

express-session@^1.14.2:
  version "1.14.2"
  resolved express-session-1.14.2.tgz#6bcf586ed6d1dc37b02570087756c9de7b80b275
  dependencies:
    cookie "0.3.1"
    cookie-signature "1.0.6"
    crc "3.4.1"
    debug "~2.2.0"
    depd "~1.1.0"
    on-headers "~1.0.1"
    parseurl "~1.3.1"
    uid-safe "~2.1.3"
    utils-merge "1.0.0"

express@^4.14.0:
  version "4.14.0"
  resolved express-4.14.0.tgz#c1ee3f42cdc891fb3dc650a8922d51ec847d0d66
  dependencies:
    accepts "~1.3.3"
    array-flatten "1.1.1"
    content-disposition "0.5.1"
    content-type "~1.0.2"
    cookie "0.3.1"
    cookie-signature "1.0.6"
    debug "~2.2.0"
    depd "~1.1.0"
    encodeurl "~1.0.1"
    escape-html "~1.0.3"
    etag "~1.7.0"
    finalhandler "0.5.0"
    fresh "0.3.0"
    merge-descriptors "1.0.1"
    methods "~1.1.2"
    on-finished "~2.3.0"
    parseurl "~1.3.1"
    path-to-regexp "0.1.7"
    proxy-addr "~1.1.2"
    qs "6.2.0"
    range-parser "~1.2.0"
    send "0.14.1"
    serve-static "~1.11.1"
    type-is "~1.6.13"
    utils-merge "1.0.0"
    vary "~1.1.0"

eyes@0.1.x, eyes@~0.1.6:
  version "0.1.8"
  resolved eyes-0.1.8.tgz#62cf120234c683785d902348a800ef3e0cc20bc0

fetchql@^2.0.0:
  version "2.0.0"
  resolved fetchql-2.0.0.tgz#e56c7cef903dc9cf80a96b37bce4f742add03b6a

finalhandler@0.5.0:
  version "0.5.0"
  resolved "https://registry.yarnpkg.com/finalhandler/-/finalhandler-0.5.0.tgz#e9508abece9b6dba871a6942a1d7911b91911ac7"
  dependencies:
    debug "~2.2.0"
    escape-html "~1.0.3"
    on-finished "~2.3.0"
    statuses "~1.3.0"
    unpipe "~1.0.0"

forwarded@~0.1.0:
  version "0.1.0"
  resolved forwarded-0.1.0.tgz#19ef9874c4ae1c297bcf078fde63a09b66a84363

fresh@0.3.0:
  version "0.3.0"
  resolved "https://registry.yarnpkg.com/fresh/-/fresh-0.3.0.tgz#651f838e22424e7566de161d8358caa199f83d4f"

glob@~4.0.6:
  version "4.0.6"
  resolved glob-4.0.6.tgz#695c50bdd4e2fb5c5d370b091f388d3707e291a7
  dependencies:
    graceful-fs "^3.0.2"
    inherits "2"
    minimatch "^1.0.0"
    once "^1.3.0"

graceful-fs@^3.0.2:
  version "3.0.11"
  resolved graceful-fs-3.0.11.tgz#7613c778a1afea62f25c630a086d7f3acbbdd818
  dependencies:
    natives "^1.1.0"

graphql-anywhere@^1.0.0:
  version "1.1.2"
  resolved graphql-anywhere-1.1.2.tgz#897d2868d35723ce7d8b4ead3455c285ea51a2d2

graphql-server-core@^0.4.3:
  version "0.4.3"
  resolved graphql-server-core-0.4.3.tgz#3198832ce8703388713f012da023b33a3823be98
  optionalDependencies:
    typed-graphql "^1.0.2"

graphql-server-express@^0.4.3:
  version "0.4.3"
  resolved graphql-server-express-0.4.3.tgz#198674e6db4949c060b9959554d3dc4e9cc4ed9b
  dependencies:
    graphql-server-core "^0.4.3"
    graphql-server-module-graphiql "^0.4.3"
  optionalDependencies:
    "@types/express" "^4.0.33"

graphql-server-module-graphiql@^0.4.3:
  version "0.4.3"
  resolved graphql-server-module-graphiql-0.4.3.tgz#f82b92b99bb1e1b4b285c86bf6fcfa60b3a7a805

graphql-subscriptions@^0.2.2:
  version "0.2.2"
  resolved graphql-subscriptions-0.2.2.tgz#28c8e19d24b31abc6e97f4c9719ea99f890f6192
  dependencies:
    es6-promise "^3.2.1"

graphql-tag@^1.1.1, graphql-tag@^1.1.2:
  version "1.1.2"
  resolved graphql-tag-1.1.2.tgz#3e9951d5664e73c1aceee0329f0152bf3020fbb7

graphql-tools@^0.8.4:
  version "0.8.4"
  resolved graphql-tools-0.8.4.tgz#3cf4b2a650e0322b655ca274ec24914b608fb562
  dependencies:
    deprecated-decorator "^0.1.6"
    lodash "^4.3.0"
    uuid "^3.0.1"
  optionalDependencies:
    typed-graphql "^1.0.2"

graphql@^0.8.2:
  version "0.8.2"
  resolved graphql-0.8.2.tgz#eb1bb524b38104bbf2c9157f9abc67db2feba7d2
  dependencies:
    iterall "1.0.2"

http-errors@~1.5.0:
  version "1.5.1"
  resolved "https://registry.yarnpkg.com/http-errors/-/http-errors-1.5.1.tgz#788c0d2c1de2c81b9e6e8c01843b6b97eb920750"
  dependencies:
    inherits "2.0.3"
    setprototypeof "1.0.2"
    statuses ">= 1.3.1 < 2"

iconv-lite@0.4.13, iconv-lite@~0.4.13:
  version "0.4.13"
  resolved "https://registry.yarnpkg.com/iconv-lite/-/iconv-lite-0.4.13.tgz#1f88aba4ab0b1508e8312acc39345f36e992e2f2"

inherits@2, inherits@2.0.3:
  version "2.0.3"
  resolved "https://registry.yarnpkg.com/inherits/-/inherits-2.0.3.tgz#633c2c83e3da42a502f52466022480f4208261de"

inherits@2.0.1:
  version "2.0.1"
  resolved inherits-2.0.1.tgz#b17d08d326b4423e568eff719f91b0b1cbdf69f1

ipaddr.js@1.1.1:
  version "1.1.1"
  resolved ipaddr.js-1.1.1.tgz#c791d95f52b29c1247d5df80ada39b8a73647230

is-stream@^1.0.1:
  version "1.1.0"
  resolved is-stream-1.1.0.tgz#12d4a3dd4e68e0b79ceb8dbc84173ae80d91ca44

isomorphic-fetch@^2.2.1:
  version "2.2.1"
  resolved isomorphic-fetch-2.2.1.tgz#611ae1acf14f5e81f729507472819fe9733558a9
  dependencies:
    node-fetch "^1.0.1"
    whatwg-fetch ">=0.10.0"

isstream@0.1.x:
  version "0.1.2"
  resolved "https://registry.yarnpkg.com/isstream/-/isstream-0.1.2.tgz#47e63f7af55afa6f92e1500e690eb8b8529c099a"

iterall@1.0.2:
  version "1.0.2"
  resolved iterall-1.0.2.tgz#41a2e96ce9eda5e61c767ee5dc312373bb046e91

js-tokens@^2.0.0:
  version "2.0.0"
  resolved js-tokens-2.0.0.tgz#79903f5563ee778cc1162e6dcf1a0027c97f9cb5

lodash-es@^4.2.1:
  version "4.17.3"
  resolved lodash-es-4.17.3.tgz#567a08d2f0c91d92b31ce35c5565e1f337fb81db

lodash@^4.13.1, lodash@^4.17.2, lodash@^4.17.3, lodash@^4.2.1, lodash@^4.3.0:
  version "4.17.3"
  resolved "https://registry.yarnpkg.com/lodash/-/lodash-4.17.3.tgz#557ed7d2a9438cac5fd5a43043ca60cb455e01f7"

loose-envify@^1.1.0:
  version "1.3.0"
  resolved loose-envify-1.3.0.tgz#6b26248c42f6d4fa4b0d8542f78edfcde35642a8
  dependencies:
    js-tokens "^2.0.0"

lru-cache@2:
  version "2.7.3"
  resolved lru-cache-2.7.3.tgz#6d4524e8b955f95d4f5b58851ce21dd72fb4e952

media-typer@0.3.0:
  version "0.3.0"
  resolved "https://registry.yarnpkg.com/media-typer/-/media-typer-0.3.0.tgz#8710d7af0aa626f8fffa1ce00168545263255748"

merge-descriptors@1.0.1:
  version "1.0.1"
  resolved merge-descriptors-1.0.1.tgz#b00aaa556dd8b44568150ec9d1b953f3f90cbb61

mersenne-twister@^1.0.1:
  version "1.1.0"
  resolved mersenne-twister-1.1.0.tgz#f916618ee43d7179efcf641bec4531eb9670978a

methods@~1.1.2:
  version "1.1.2"
  resolved methods-1.1.2.tgz#5529a4d67654134edcc5266656835b0f851afcee

mime-db@~1.25.0:
  version "1.25.0"
  resolved "https://registry.yarnpkg.com/mime-db/-/mime-db-1.25.0.tgz#c18dbd7c73a5dbf6f44a024dc0d165a1e7b1c392"

mime-types@~2.1.11, mime-types@~2.1.13:
  version "2.1.13"
  resolved "https://registry.yarnpkg.com/mime-types/-/mime-types-2.1.13.tgz#e07aaa9c6c6b9a7ca3012c69003ad25a39e92a88"
  dependencies:
    mime-db "~1.25.0"

mime@1.3.4:
  version "1.3.4"
  resolved "https://registry.yarnpkg.com/mime/-/mime-1.3.4.tgz#115f9e3b6b3daf2959983cb38f149a2d40eb5d53"

minimatch@^1.0.0:
  version "1.0.0"
  resolved minimatch-1.0.0.tgz#e0dd2120b49e1b724ce8d714c520822a9438576d
  dependencies:
    lru-cache "2"
    sigmund "~1.0.0"

moment@^2.15.2:
  version "2.17.1"
  resolved "https://registry.yarnpkg.com/moment/-/moment-2.17.1.tgz#fed9506063f36b10f066c8b59a144d7faebe1d82"

ms@0.7.1:
  version "0.7.1"
  resolved "https://registry.yarnpkg.com/ms/-/ms-0.7.1.tgz#9cd13c03adbff25b65effde7ce864ee952017098"

natives@^1.1.0:
  version "1.1.0"
  resolved natives-1.1.0.tgz#e9ff841418a6b2ec7a495e939984f78f163e6e31

negotiator@0.6.1:
  version "0.6.1"
  resolved "https://registry.yarnpkg.com/negotiator/-/negotiator-0.6.1.tgz#2b327184e8992101177b28563fb5e7102acd0ca9"

node-fetch@^1.0.1, node-fetch@^1.6.3:
  version "1.6.3"
  resolved node-fetch-1.6.3.tgz#dc234edd6489982d58e8f0db4f695029abcd8c04
  dependencies:
    encoding "^0.1.11"
    is-stream "^1.0.1"

node-uuid@^1.4.7:
  version "1.4.7"
  resolved "https://registry.yarnpkg.com/node-uuid/-/node-uuid-1.4.7.tgz#6da5a17668c4b3dd59623bda11cf7fa4c1f60a6f"

on-finished@~2.3.0:
  version "2.3.0"
  resolved "https://registry.yarnpkg.com/on-finished/-/on-finished-2.3.0.tgz#20f1336481b083cd75337992a16971aa2d906947"
  dependencies:
    ee-first "1.1.1"

on-headers@~1.0.1:
  version "1.0.1"
  resolved on-headers-1.0.1.tgz#928f5d0f470d49342651ea6794b0857c100693f7

once@^1.3.0:
  version "1.4.0"
  resolved "https://registry.yarnpkg.com/once/-/once-1.4.0.tgz#583b1aa775961d4b113ac17d9c50baef9dd76bd1"
  dependencies:
    wrappy "1"

parseurl@~1.3.1:
  version "1.3.1"
  resolved "https://registry.yarnpkg.com/parseurl/-/parseurl-1.3.1.tgz#c8ab8c9223ba34888aa64a297b28853bec18da56"

passport-local@^1.0.0:
  version "1.0.0"
  resolved passport-local-1.0.0.tgz#1fe63268c92e75606626437e3b906662c15ba6ee
  dependencies:
    passport-strategy "1.x.x"

passport-strategy@1.x.x:
  version "1.0.0"
  resolved passport-strategy-1.0.0.tgz#b5539aa8fc225a3d1ad179476ddf236b440f52e4

passport@^0.3.2:
  version "0.3.2"
  resolved passport-0.3.2.tgz#9dd009f915e8fe095b0124a01b8f82da07510102
  dependencies:
    passport-strategy "1.x.x"
    pause "0.0.1"

path-to-regexp@0.1.7:
  version "0.1.7"
  resolved path-to-regexp-0.1.7.tgz#df604178005f522f15eb4490e7247a1bfaa67f8c

pause@0.0.1:
  version "0.0.1"
  resolved pause-0.0.1.tgz#1d408b3fdb76923b9543d96fb4c9dfd535d9cb5d

proxy-addr@~1.1.2:
  version "1.1.2"
  resolved proxy-addr-1.1.2.tgz#b4cc5f22610d9535824c123aef9d3cf73c40ba37
  dependencies:
    forwarded "~0.1.0"
    ipaddr.js "1.1.1"

qs@6.2.0:
  version "6.2.0"
  resolved "https://registry.yarnpkg.com/qs/-/qs-6.2.0.tgz#3b7848c03c2dece69a9522b0fae8c4126d745f3b"

random-bytes@~1.0.0:
  version "1.0.0"
  resolved random-bytes-1.0.0.tgz#4f68a1dc0ae58bd3fb95848c30324db75d64360b

range-parser@~1.2.0:
  version "1.2.0"
  resolved "https://registry.yarnpkg.com/range-parser/-/range-parser-1.2.0.tgz#f49be6b487894ddc40dcc94a322f611092e00d5e"

raw-body@~2.1.7:
  version "2.1.7"
  resolved "https://registry.yarnpkg.com/raw-body/-/raw-body-2.1.7.tgz#adfeace2e4fb3098058014d08c072dcc59758774"
  dependencies:
    bytes "2.4.0"
    iconv-lite "0.4.13"
    unpipe "1.0.0"

redux@^3.3.1:
  version "3.6.0"
  resolved redux-3.6.0.tgz#887c2b3d0b9bd86eca2be70571c27654c19e188d
  dependencies:
    lodash "^4.2.1"
    lodash-es "^4.2.1"
    loose-envify "^1.1.0"
    symbol-observable "^1.0.2"

request-promise-core@1.1.1:
  version "1.1.1"
  resolved request-promise-core-1.1.1.tgz#3eee00b2c5aa83239cfb04c5700da36f81cd08b6
  dependencies:
    lodash "^4.13.1"

request-promise@^4.1.1:
  version "4.1.1"
  resolved request-promise-4.1.1.tgz#26021e4f6f56fd4c309f6bf1ebd8c97a95ac1fb5
  dependencies:
    bluebird "^3.4.1"
    request-promise-core "1.1.1"
    stealthy-require "^1.0.0"

send@0.14.1:
  version "0.14.1"
  resolved "https://registry.yarnpkg.com/send/-/send-0.14.1.tgz#a954984325392f51532a7760760e459598c89f7a"
  dependencies:
    debug "~2.2.0"
    depd "~1.1.0"
    destroy "~1.0.4"
    encodeurl "~1.0.1"
    escape-html "~1.0.3"
    etag "~1.7.0"
    fresh "0.3.0"
    http-errors "~1.5.0"
    mime "1.3.4"
    ms "0.7.1"
    on-finished "~2.3.0"
    range-parser "~1.2.0"
    statuses "~1.3.0"

serve-static@~1.11.1:
  version "1.11.1"
  resolved "https://registry.yarnpkg.com/serve-static/-/serve-static-1.11.1.tgz#d6cce7693505f733c759de57befc1af76c0f0805"
  dependencies:
    encodeurl "~1.0.1"
    escape-html "~1.0.3"
    parseurl "~1.3.1"
    send "0.14.1"

session@^0.1.0:
  version "0.1.0"
  resolved session-0.1.0.tgz#6ae9aa6f26093be31ed2005bcd426ae80aa3a085
  dependencies:
    vows "*"

setprototypeof@1.0.2:
  version "1.0.2"
  resolved "https://registry.yarnpkg.com/setprototypeof/-/setprototypeof-1.0.2.tgz#81a552141ec104b88e89ce383103ad5c66564d08"

sigmund@~1.0.0:
  version "1.0.1"
  resolved "https://registry.yarnpkg.com/sigmund/-/sigmund-1.0.1.tgz#3ff21f198cad2175f9f3b781853fd94d0d19b590"

stack-trace@0.0.x:
  version "0.0.9"
  resolved stack-trace-0.0.9.tgz#a8f6eaeca90674c333e7c43953f275b451510695

"statuses@>= 1.3.1 < 2", statuses@~1.3.0:
  version "1.3.1"
  resolved "https://registry.yarnpkg.com/statuses/-/statuses-1.3.1.tgz#faf51b9eb74aaef3b3acf4ad5f61abf24cb7b93e"

stealthy-require@^1.0.0:
  version "1.0.0"
  resolved stealthy-require-1.0.0.tgz#1a8ed8fc19a8b56268f76f5a1a3e3832b0c26200

symbol-observable@^1.0.2:
  version "1.0.4"
  resolved "https://registry.yarnpkg.com/symbol-observable/-/symbol-observable-1.0.4.tgz#29bf615d4aa7121bdd898b22d4b3f9bc4e2aa03d"

type-is@~1.6.13:
  version "1.6.14"
  resolved "https://registry.yarnpkg.com/type-is/-/type-is-1.6.14.tgz#e219639c17ded1ca0789092dd54a03826b817cb2"
  dependencies:
    media-typer "0.3.0"
    mime-types "~2.1.13"

typed-graphql@1.0.2, typed-graphql@^1.0.2:
  version "1.0.2"
  resolved typed-graphql-1.0.2.tgz#4c0f788775d552df4d4ec3d73f25469252f40fb8

uid-safe@~2.1.3:
  version "2.1.3"
  resolved uid-safe-2.1.3.tgz#077e264a00b3187936b270bb7376a26473631071
  dependencies:
    base64-url "1.3.3"
    random-bytes "~1.0.0"

unpipe@1.0.0, unpipe@~1.0.0:
  version "1.0.0"
  resolved "https://registry.yarnpkg.com/unpipe/-/unpipe-1.0.0.tgz#b2bf4ee8514aae6165b4817829d21b2ef49904ec"

util@^0.10.3:
  version "0.10.3"
  resolved util-0.10.3.tgz#7afb1afe50805246489e3db7fe0ed379336ac0f9
  dependencies:
    inherits "2.0.1"

utils-merge@1.0.0:
  version "1.0.0"
  resolved "https://registry.yarnpkg.com/utils-merge/-/utils-merge-1.0.0.tgz#0294fb922bb9375153541c4f7096231f287c8af8"

uuid@^3.0.1:
  version "3.0.1"
  resolved "https://registry.yarnpkg.com/uuid/-/uuid-3.0.1.tgz#6544bba2dfda8c1cf17e629a3a305e2bb1fee6c1"

vary@~1.1.0:
  version "1.1.0"
  resolved vary-1.1.0.tgz#e1e5affbbd16ae768dd2674394b9ad3022653140

vows@*:
  version "0.8.1"
  resolved vows-0.8.1.tgz#e09e988ce594ca05a08d72abcca34e88db559131
  dependencies:
    diff "~1.0.8"
    eyes "~0.1.6"
    glob "~4.0.6"

whatwg-fetch@>=0.10.0, whatwg-fetch@^2.0.0:
  version "2.0.1"
  resolved whatwg-fetch-2.0.1.tgz#078b9461bbe91cea73cbce8bb122a05f9e92b772

winston@^2.3.0:
  version "2.3.0"
  resolved winston-2.3.0.tgz#207faaab6fccf3fe493743dd2b03dbafc7ceb78c
  dependencies:
    async "~1.0.0"
    colors "1.0.x"
    cycle "1.0.x"
    eyes "0.1.x"
    isstream "0.1.x"
    stack-trace "0.0.x"

wrappy@1:
  version "1.0.2"
  resolved "https://registry.yarnpkg.com/wrappy/-/wrappy-1.0.2.tgz#b5243d8f3ec1aa35f1364605bc0d1036e30ab69f"
